
Microsoft Visual Studio Solution File, Format Version 12.00
# Visual Studio Version 17
VisualStudioVersion = 17.0.31903.59
MinimumVisualStudioVersion = 10.0.40219.1
Project("{FAE04EC0-301F-11D3-BF4B-00C04F79EFBC}") = "ChanScraper.Client", "src\ChanScraper.Client\ChanScraper.Client.csproj", "{F0A8C007-E86E-4614-9080-880C423EFEDD}"
EndProject
Project("{FAE04EC0-301F-11D3-BF4B-00C04F79EFBC}") = "ChanScraper.ChanApi", "src\ChanScraper.ChanApi\ChanScraper.ChanApi.csproj", "{A4DD0858-D6F1-4B5E-BA49-2A4AF5CD4FA9}"
EndProject
Project("{FAE04EC0-301F-11D3-BF4B-00C04F79EFBC}") = "ChanScraper.Library", "src\ChanScraper.Library\ChanScraper.Library.csproj", "{89715322-8BAC-4B73-8144-563D158A86E5}"
EndProject
Global
	GlobalSection(SolutionConfigurationPlatforms) = preSolution
		Debug|Any CPU = Debug|Any CPU
		Release|Any CPU = Release|Any CPU
	EndGlobalSection
	GlobalSection(SolutionProperties) = preSolution
		HideSolutionNode = FALSE
	EndGlobalSection
	GlobalSection(ProjectConfigurationPlatforms) = postSolution
		{F0A8C007-E86E-4614-9080-880C423EFEDD}.Debug|Any CPU.ActiveCfg = Debug|Any CPU
		{F0A8C007-E86E-4614-9080-880C423EFEDD}.Debug|Any CPU.Build.0 = Debug|Any CPU
		{F0A8C007-E86E-4614-9080-880C423EFEDD}.Release|Any CPU.ActiveCfg = Release|Any CPU
		{F0A8C007-E86E-4614-9080-880C423EFEDD}.Release|Any CPU.Build.0 = Release|Any CPU
		{A4DD0858-D6F1-4B5E-BA49-2A4AF5CD4FA9}.Debug|Any CPU.ActiveCfg = Debug|Any CPU
		{A4DD0858-D6F1-4B5E-BA49-2A4AF5CD4FA9}.Debug|Any CPU.Build.0 = Debug|Any CPU
		{A4DD0858-D6F1-4B5E-BA49-2A4AF5CD4FA9}.Release|Any CPU.ActiveCfg = Release|Any CPU
		{A4DD0858-D6F1-4B5E-BA49-2A4AF5CD4FA9}.Release|Any CPU.Build.0 = Release|Any CPU
		{89715322-8BAC-4B73-8144-563D158A86E5}.Debug|Any CPU.ActiveCfg = Debug|Any CPU
		{89715322-8BAC-4B73-8144-563D158A86E5}.Debug|Any CPU.Build.0 = Debug|Any CPU
		{89715322-8BAC-4B73-8144-563D158A86E5}.Release|Any CPU.ActiveCfg = Release|Any CPU
		{89715322-8BAC-4B73-8144-563D158A86E5}.Release|Any CPU.Build.0 = Release|Any CPU
	EndGlobalSection
	GlobalSection(NestedProjects) = preSolution
	EndGlobalSection
EndGlobal
