
Microsoft Visual Studio Solution File, Format Version 12.00
# Visual Studio Version 17
VisualStudioVersion = 17.0.31903.59
MinimumVisualStudioVersion = 10.0.40219.1
Project("{FAE04EC0-301F-11D3-BF4B-00C04F79EFBC}") = "ChanScraper.Console", "src\ChanScraper.Console\ChanScraper.Console.csproj", "{109CDEB1-0FC0-4694-8F9D-2AD6814CD2ED}"
EndProject
Project("{FAE04EC0-301F-11D3-BF4B-00C04F79EFBC}") = "ChanScraper.ChanApi", "src\ChanScraper.ChanApi\ChanScraper.ChanApi.csproj", "{0EF711FF-CCA0-4EC9-A467-593DC4B4F2B0}"
EndProject
Project("{FAE04EC0-301F-11D3-BF4B-00C04F79EFBC}") = "ChanScraper.Library", "src\ChanScraper.Library\ChanScraper.Library.csproj", "{EC9D2A13-16AE-4684-B8E7-BC843FF0247D}"
EndProject
Project("{FAE04EC0-301F-11D3-BF4B-00C04F79EFBC}") = "ChanScraper.Gui", "src\ChanScraper.Gui\ChanScraper.Gui.csproj", "{1264E411-3ECE-4EF1-BDBB-6B24E7BC6042}"
EndProject
Global
	GlobalSection(SolutionConfigurationPlatforms) = preSolution
		Debug|Any CPU = Debug|Any CPU
		Release|Any CPU = Release|Any CPU
	EndGlobalSection
	GlobalSection(SolutionProperties) = preSolution
		HideSolutionNode = FALSE
	EndGlobalSection
	GlobalSection(ProjectConfigurationPlatforms) = postSolution
		{109CDEB1-0FC0-4694-8F9D-2AD6814CD2ED}.Debug|Any CPU.ActiveCfg = Debug|Any CPU
		{109CDEB1-0FC0-4694-8F9D-2AD6814CD2ED}.Debug|Any CPU.Build.0 = Debug|Any CPU
		{109CDEB1-0FC0-4694-8F9D-2AD6814CD2ED}.Release|Any CPU.ActiveCfg = Release|Any CPU
		{109CDEB1-0FC0-4694-8F9D-2AD6814CD2ED}.Release|Any CPU.Build.0 = Release|Any CPU
		{0EF711FF-CCA0-4EC9-A467-593DC4B4F2B0}.Debug|Any CPU.ActiveCfg = Debug|Any CPU
		{0EF711FF-CCA0-4EC9-A467-593DC4B4F2B0}.Debug|Any CPU.Build.0 = Debug|Any CPU
		{0EF711FF-CCA0-4EC9-A467-593DC4B4F2B0}.Release|Any CPU.ActiveCfg = Release|Any CPU
		{0EF711FF-CCA0-4EC9-A467-593DC4B4F2B0}.Release|Any CPU.Build.0 = Release|Any CPU
		{EC9D2A13-16AE-4684-B8E7-BC843FF0247D}.Debug|Any CPU.ActiveCfg = Debug|Any CPU
		{EC9D2A13-16AE-4684-B8E7-BC843FF0247D}.Debug|Any CPU.Build.0 = Debug|Any CPU
		{EC9D2A13-16AE-4684-B8E7-BC843FF0247D}.Release|Any CPU.ActiveCfg = Release|Any CPU
		{EC9D2A13-16AE-4684-B8E7-BC843FF0247D}.Release|Any CPU.Build.0 = Release|Any CPU
		{1264E411-3ECE-4EF1-BDBB-6B24E7BC6042}.Debug|Any CPU.ActiveCfg = Debug|Any CPU
		{1264E411-3ECE-4EF1-BDBB-6B24E7BC6042}.Debug|Any CPU.Build.0 = Debug|Any CPU
		{1264E411-3ECE-4EF1-BDBB-6B24E7BC6042}.Release|Any CPU.ActiveCfg = Release|Any CPU
		{1264E411-3ECE-4EF1-BDBB-6B24E7BC6042}.Release|Any CPU.Build.0 = Release|Any CPU
	EndGlobalSection
	GlobalSection(NestedProjects) = preSolution
	EndGlobalSection
EndGlobal
